
Microsoft Visual Studio Solution File, Format Version 12.00
# Visual Studio Version 16
VisualStudioVersion = 16.0.31729.503
MinimumVisualStudioVersion = 10.0.40219.1
Project("{9A19103F-16F7-4668-BE54-9A1E7A4F7556}") = "TemplateProxyExample", "TemplateProxyExample\TemplateProxyExample.csproj", "{16625AB5-2C88-4A36-B0E4-F4530FCF8DBD}"
EndProject
Project("{FAE04EC0-301F-11D3-BF4B-00C04F79EFBC}") = "TemplateProxyExampleTests", "TemplateProxyExampleTests\TemplateProxyExampleTests.csproj", "{CAF95736-5BD9-418B-96A6-AAACCA2E08AA}"
EndProject
Global
	GlobalSection(SolutionConfigurationPlatforms) = preSolution
		Debug|Any CPU = Debug|Any CPU
		Release|Any CPU = Release|Any CPU
	EndGlobalSection
	GlobalSection(ProjectConfigurationPlatforms) = postSolution
		{16625AB5-2C88-4A36-B0E4-F4530FCF8DBD}.Debug|Any CPU.ActiveCfg = Debug|Any CPU
		{16625AB5-2C88-4A36-B0E4-F4530FCF8DBD}.Debug|Any CPU.Build.0 = Debug|Any CPU
		{16625AB5-2C88-4A36-B0E4-F4530FCF8DBD}.Release|Any CPU.ActiveCfg = Release|Any CPU
		{16625AB5-2C88-4A36-B0E4-F4530FCF8DBD}.Release|Any CPU.Build.0 = Release|Any CPU
		{CAF95736-5BD9-418B-96A6-AAACCA2E08AA}.Debug|Any CPU.ActiveCfg = Debug|Any CPU
		{CAF95736-5BD9-418B-96A6-AAACCA2E08AA}.Debug|Any CPU.Build.0 = Debug|Any CPU
		{CAF95736-5BD9-418B-96A6-AAACCA2E08AA}.Release|Any CPU.ActiveCfg = Release|Any CPU
		{CAF95736-5BD9-418B-96A6-AAACCA2E08AA}.Release|Any CPU.Build.0 = Release|Any CPU
	EndGlobalSection
	GlobalSection(SolutionProperties) = preSolution
		HideSolutionNode = FALSE
	EndGlobalSection
	GlobalSection(ExtensibilityGlobals) = postSolution
		SolutionGuid = {A5A75F83-068F-41BB-83A5-5336156D1DD1}
	EndGlobalSection
EndGlobal
