
Microsoft Visual Studio Solution File, Format Version 12.00
# Visual Studio 15
VisualStudioVersion = 15.0.27130.2024
MinimumVisualStudioVersion = 10.0.40219.1
Project("{9A19103F-16F7-4668-BE54-9A1E7A4F7556}") = "LinnMacroCustomer", "LinnMacroCustomer\LinnMacroCustomer.csproj", "{5D151122-2528-45CA-B753-A846FCF98CD5}"
EndProject
Project("{9A19103F-16F7-4668-BE54-9A1E7A4F7556}") = "LinnworksMacro", "LinnworksMacro\LinnworksMacro.csproj", "{3BFF8317-4568-4CB8-A6A9-BF7BA96A7ECE}"
EndProject
Project("{9A19103F-16F7-4668-BE54-9A1E7A4F7556}") = "LinnworksMacroHelpers", "LinnworksMacroHelpers\LinnworksMacroHelpers.csproj", "{DA78209A-50E9-4608-B8A2-038E20E2252C}"
EndProject
Project("{9A19103F-16F7-4668-BE54-9A1E7A4F7556}") = "LinnworksAPI", "LinnworksAPI\LinnworksAPI.csproj", "{397EA6BF-2993-44ED-9D79-EB195056AB22}"
EndProject
Global
	GlobalSection(SolutionConfigurationPlatforms) = preSolution
		Debug|Any CPU = Debug|Any CPU
		Release|Any CPU = Release|Any CPU
	EndGlobalSection
	GlobalSection(ProjectConfigurationPlatforms) = postSolution
		{5D151122-2528-45CA-B753-A846FCF98CD5}.Debug|Any CPU.ActiveCfg = Debug|Any CPU
		{5D151122-2528-45CA-B753-A846FCF98CD5}.Debug|Any CPU.Build.0 = Debug|Any CPU
		{5D151122-2528-45CA-B753-A846FCF98CD5}.Release|Any CPU.ActiveCfg = Release|Any CPU
		{5D151122-2528-45CA-B753-A846FCF98CD5}.Release|Any CPU.Build.0 = Release|Any CPU
		{3BFF8317-4568-4CB8-A6A9-BF7BA96A7ECE}.Debug|Any CPU.ActiveCfg = Debug|Any CPU
		{3BFF8317-4568-4CB8-A6A9-BF7BA96A7ECE}.Debug|Any CPU.Build.0 = Debug|Any CPU
		{3BFF8317-4568-4CB8-A6A9-BF7BA96A7ECE}.Release|Any CPU.ActiveCfg = Release|Any CPU
		{3BFF8317-4568-4CB8-A6A9-BF7BA96A7ECE}.Release|Any CPU.Build.0 = Release|Any CPU
		{DA78209A-50E9-4608-B8A2-038E20E2252C}.Debug|Any CPU.ActiveCfg = Debug|Any CPU
		{DA78209A-50E9-4608-B8A2-038E20E2252C}.Debug|Any CPU.Build.0 = Debug|Any CPU
		{DA78209A-50E9-4608-B8A2-038E20E2252C}.Release|Any CPU.ActiveCfg = Release|Any CPU
		{DA78209A-50E9-4608-B8A2-038E20E2252C}.Release|Any CPU.Build.0 = Release|Any CPU
		{397EA6BF-2993-44ED-9D79-EB195056AB22}.Debug|Any CPU.ActiveCfg = Debug|Any CPU
		{397EA6BF-2993-44ED-9D79-EB195056AB22}.Debug|Any CPU.Build.0 = Debug|Any CPU
		{397EA6BF-2993-44ED-9D79-EB195056AB22}.Release|Any CPU.ActiveCfg = Release|Any CPU
		{397EA6BF-2993-44ED-9D79-EB195056AB22}.Release|Any CPU.Build.0 = Release|Any CPU
	EndGlobalSection
	GlobalSection(SolutionProperties) = preSolution
		HideSolutionNode = FALSE
	EndGlobalSection
	GlobalSection(ExtensibilityGlobals) = postSolution
		SolutionGuid = {DC8E5E9E-E22E-459A-845B-89AA4A7F89C8}
	EndGlobalSection
EndGlobal
